// !$*UTF8*$!
{
	archiveVersion = 1;
	classes = {
	};
	objectVersion = 55;
	objects = {

/* Begin PBXBuildFile section */
		9404FF146E8A96B55AE988CE /* Pods_InstagramFirebaseWork.framework in Frameworks */ = {isa = PBXBuildFile; fileRef = 5A1549339B0AAE034CB8C815 /* Pods_InstagramFirebaseWork.framework */; };
		E2132782292A8EF700F3196E /* GoogleService-Info.plist in Resources */ = {isa = PBXBuildFile; fileRef = E2132781292A8EF700F3196E /* GoogleService-Info.plist */; };
		E2198666293A424600A2DAAD /* UploadPostVC.swift in Sources */ = {isa = PBXBuildFile; fileRef = E2198665293A424600A2DAAD /* UploadPostVC.swift */; };
		E23195E1290680B6008BF8CA /* AppDelegate.swift in Sources */ = {isa = PBXBuildFile; fileRef = E23195E0290680B6008BF8CA /* AppDelegate.swift */; };
		E23195E3290680B6008BF8CA /* SceneDelegate.swift in Sources */ = {isa = PBXBuildFile; fileRef = E23195E2290680B6008BF8CA /* SceneDelegate.swift */; };
		E23195EA290680B7008BF8CA /* Assets.xcassets in Resources */ = {isa = PBXBuildFile; fileRef = E23195E9290680B7008BF8CA /* Assets.xcassets */; };
		E23195FB29068488008BF8CA /* IFTabBarController.swift in Sources */ = {isa = PBXBuildFile; fileRef = E23195FA29068488008BF8CA /* IFTabBarController.swift */; };
		E23195FD29068DB4008BF8CA /* FeedVC.swift in Sources */ = {isa = PBXBuildFile; fileRef = E23195FC29068DB4008BF8CA /* FeedVC.swift */; };
		E23195FF29068DBF008BF8CA /* SearchVC.swift in Sources */ = {isa = PBXBuildFile; fileRef = E23195FE29068DBF008BF8CA /* SearchVC.swift */; };
		E231960129068DD2008BF8CA /* ImageSelectorVC.swift in Sources */ = {isa = PBXBuildFile; fileRef = E231960029068DD2008BF8CA /* ImageSelectorVC.swift */; };
		E231960329068DE1008BF8CA /* NotificationsVC.swift in Sources */ = {isa = PBXBuildFile; fileRef = E231960229068DE1008BF8CA /* NotificationsVC.swift */; };
		E231960529068DED008BF8CA /* ProfileVC.swift in Sources */ = {isa = PBXBuildFile; fileRef = E231960429068DED008BF8CA /* ProfileVC.swift */; };
		E241FB58293B7B7D00B46725 /* InputTextView.swift in Sources */ = {isa = PBXBuildFile; fileRef = E241FB57293B7B7D00B46725 /* InputTextView.swift */; };
		E2428551293DF93900A03291 /* Post.swift in Sources */ = {isa = PBXBuildFile; fileRef = E2428550293DF93900A03291 /* Post.swift */; };
		E2489388292BF56B002F31F2 /* ImageUploader.swift in Sources */ = {isa = PBXBuildFile; fileRef = E2489387292BF56B002F31F2 /* ImageUploader.swift */; };
		E248938A292BF572002F31F2 /* AuthService.swift in Sources */ = {isa = PBXBuildFile; fileRef = E2489389292BF572002F31F2 /* AuthService.swift */; };
		E25217E32928168200566974 /* CustomTextField.swift in Sources */ = {isa = PBXBuildFile; fileRef = E25217E22928168200566974 /* CustomTextField.swift */; };
		E26A1E8029327A350093E181 /* SearchCellViewModel.swift in Sources */ = {isa = PBXBuildFile; fileRef = E26A1E7F29327A350093E181 /* SearchCellViewModel.swift */; };
		E270EDEB292D28DD00B1C473 /* ProfileCell.swift in Sources */ = {isa = PBXBuildFile; fileRef = E270EDEA292D28DD00B1C473 /* ProfileCell.swift */; };
		E270EDED292D293000B1C473 /* ProfileHeader.swift in Sources */ = {isa = PBXBuildFile; fileRef = E270EDEC292D293000B1C473 /* ProfileHeader.swift */; };
		E28BF054293E02F5006000AA /* PostViewModel.swift in Sources */ = {isa = PBXBuildFile; fileRef = E28BF053293E02F5006000AA /* PostViewModel.swift */; };
		E29B12212926909700989E45 /* RegisterVC.swift in Sources */ = {isa = PBXBuildFile; fileRef = E29B12202926909700989E45 /* RegisterVC.swift */; };
		E29B12232926909F00989E45 /* LoginVC.swift in Sources */ = {isa = PBXBuildFile; fileRef = E29B12222926909F00989E45 /* LoginVC.swift */; };
		E2B190D62938DE85002D5426 /* UserStats.swift in Sources */ = {isa = PBXBuildFile; fileRef = E2B190D52938DE85002D5426 /* UserStats.swift */; };
		E2BC577A290A77A600849714 /* FeedCell.swift in Sources */ = {isa = PBXBuildFile; fileRef = E2BC5779290A77A600849714 /* FeedCell.swift */; };
		E2BC577F290A784300849714 /* UIViewController+Ext.swift in Sources */ = {isa = PBXBuildFile; fileRef = E2BC577E290A784300849714 /* UIViewController+Ext.swift */; };
		E2BC5781290A785000849714 /* UIButton+Ext.swift in Sources */ = {isa = PBXBuildFile; fileRef = E2BC5780290A785000849714 /* UIButton+Ext.swift */; };
		E2BC5783290A785900849714 /* UIView+Ext.swift in Sources */ = {isa = PBXBuildFile; fileRef = E2BC5782290A785900849714 /* UIView+Ext.swift */; };
		E2BE5D322928D78A00F7D7FC /* Constants.swift in Sources */ = {isa = PBXBuildFile; fileRef = E2BE5D312928D78A00F7D7FC /* Constants.swift */; };
		E2BE5D372928ED3600F7D7FC /* LoginViewModel.swift in Sources */ = {isa = PBXBuildFile; fileRef = E2BE5D362928ED3600F7D7FC /* LoginViewModel.swift */; };
		E2BE5D392928ED3B00F7D7FC /* RegisterViewModel.swift in Sources */ = {isa = PBXBuildFile; fileRef = E2BE5D382928ED3B00F7D7FC /* RegisterViewModel.swift */; };
		E2BE5D442928FBEB00F7D7FC /* AuthenticationViewModelProtocol.swift in Sources */ = {isa = PBXBuildFile; fileRef = E2BE5D432928FBEB00F7D7FC /* AuthenticationViewModelProtocol.swift */; };
		E2BE5D462928FDED00F7D7FC /* FormViewModelProtocol.swift in Sources */ = {isa = PBXBuildFile; fileRef = E2BE5D452928FDED00F7D7FC /* FormViewModelProtocol.swift */; };
		E2E0FE86293CA9B100E0064C /* PostService.swift in Sources */ = {isa = PBXBuildFile; fileRef = E2E0FE85293CA9B100E0064C /* PostService.swift */; };
		E2FB54572930F5610043B580 /* UserService.swift in Sources */ = {isa = PBXBuildFile; fileRef = E2FB54562930F5610043B580 /* UserService.swift */; };
		E2FB54592930F88D0043B580 /* User.swift in Sources */ = {isa = PBXBuildFile; fileRef = E2FB54582930F88D0043B580 /* User.swift */; };
		E2FB545C293101630043B580 /* ProfileHeaderViewModel.swift in Sources */ = {isa = PBXBuildFile; fileRef = E2FB545B293101630043B580 /* ProfileHeaderViewModel.swift */; };
		E2FB545F29312ABE0043B580 /* SearchCell.swift in Sources */ = {isa = PBXBuildFile; fileRef = E2FB545E29312ABE0043B580 /* SearchCell.swift */; };
/* End PBXBuildFile section */

/* Begin PBXFileReference section */
		3B03482C83A839C0CE15FD8D /* Pods-InstagramFirebaseWork.release.xcconfig */ = {isa = PBXFileReference; includeInIndex = 1; lastKnownFileType = text.xcconfig; name = "Pods-InstagramFirebaseWork.release.xcconfig"; path = "Target Support Files/Pods-InstagramFirebaseWork/Pods-InstagramFirebaseWork.release.xcconfig"; sourceTree = "<group>"; };
		5A1549339B0AAE034CB8C815 /* Pods_InstagramFirebaseWork.framework */ = {isa = PBXFileReference; explicitFileType = wrapper.framework; includeInIndex = 0; path = Pods_InstagramFirebaseWork.framework; sourceTree = BUILT_PRODUCTS_DIR; };
		D35B91770D00AEC76AFE5892 /* Pods-InstagramFirebaseWork.debug.xcconfig */ = {isa = PBXFileReference; includeInIndex = 1; lastKnownFileType = text.xcconfig; name = "Pods-InstagramFirebaseWork.debug.xcconfig"; path = "Target Support Files/Pods-InstagramFirebaseWork/Pods-InstagramFirebaseWork.debug.xcconfig"; sourceTree = "<group>"; };
		E2132781292A8EF700F3196E /* GoogleService-Info.plist */ = {isa = PBXFileReference; fileEncoding = 4; lastKnownFileType = text.plist.xml; path = "GoogleService-Info.plist"; sourceTree = "<group>"; };
		E2198665293A424600A2DAAD /* UploadPostVC.swift */ = {isa = PBXFileReference; lastKnownFileType = sourcecode.swift; path = UploadPostVC.swift; sourceTree = "<group>"; };
		E23195DD290680B6008BF8CA /* InstagramFirebaseWork.app */ = {isa = PBXFileReference; explicitFileType = wrapper.application; includeInIndex = 0; path = InstagramFirebaseWork.app; sourceTree = BUILT_PRODUCTS_DIR; };
		E23195E0290680B6008BF8CA /* AppDelegate.swift */ = {isa = PBXFileReference; lastKnownFileType = sourcecode.swift; path = AppDelegate.swift; sourceTree = "<group>"; };
		E23195E2290680B6008BF8CA /* SceneDelegate.swift */ = {isa = PBXFileReference; lastKnownFileType = sourcecode.swift; path = SceneDelegate.swift; sourceTree = "<group>"; };
		E23195E9290680B7008BF8CA /* Assets.xcassets */ = {isa = PBXFileReference; lastKnownFileType = folder.assetcatalog; path = Assets.xcassets; sourceTree = "<group>"; };
		E23195EE290680B7008BF8CA /* Info.plist */ = {isa = PBXFileReference; lastKnownFileType = text.plist.xml; path = Info.plist; sourceTree = "<group>"; };
		E23195FA29068488008BF8CA /* IFTabBarController.swift */ = {isa = PBXFileReference; lastKnownFileType = sourcecode.swift; path = IFTabBarController.swift; sourceTree = "<group>"; };
		E23195FC29068DB4008BF8CA /* FeedVC.swift */ = {isa = PBXFileReference; lastKnownFileType = sourcecode.swift; path = FeedVC.swift; sourceTree = "<group>"; };
		E23195FE29068DBF008BF8CA /* SearchVC.swift */ = {isa = PBXFileReference; lastKnownFileType = sourcecode.swift; path = SearchVC.swift; sourceTree = "<group>"; };
		E231960029068DD2008BF8CA /* ImageSelectorVC.swift */ = {isa = PBXFileReference; lastKnownFileType = sourcecode.swift; path = ImageSelectorVC.swift; sourceTree = "<group>"; };
		E231960229068DE1008BF8CA /* NotificationsVC.swift */ = {isa = PBXFileReference; lastKnownFileType = sourcecode.swift; path = NotificationsVC.swift; sourceTree = "<group>"; };
		E231960429068DED008BF8CA /* ProfileVC.swift */ = {isa = PBXFileReference; lastKnownFileType = sourcecode.swift; path = ProfileVC.swift; sourceTree = "<group>"; };
		E241FB57293B7B7D00B46725 /* InputTextView.swift */ = {isa = PBXFileReference; lastKnownFileType = sourcecode.swift; path = InputTextView.swift; sourceTree = "<group>"; };
		E2428550293DF93900A03291 /* Post.swift */ = {isa = PBXFileReference; lastKnownFileType = sourcecode.swift; path = Post.swift; sourceTree = "<group>"; };
		E2489387292BF56B002F31F2 /* ImageUploader.swift */ = {isa = PBXFileReference; lastKnownFileType = sourcecode.swift; path = ImageUploader.swift; sourceTree = "<group>"; };
		E2489389292BF572002F31F2 /* AuthService.swift */ = {isa = PBXFileReference; lastKnownFileType = sourcecode.swift; path = AuthService.swift; sourceTree = "<group>"; };
		E25217E22928168200566974 /* CustomTextField.swift */ = {isa = PBXFileReference; lastKnownFileType = sourcecode.swift; path = CustomTextField.swift; sourceTree = "<group>"; };
		E26A1E7F29327A350093E181 /* SearchCellViewModel.swift */ = {isa = PBXFileReference; lastKnownFileType = sourcecode.swift; path = SearchCellViewModel.swift; sourceTree = "<group>"; };
		E270EDEA292D28DD00B1C473 /* ProfileCell.swift */ = {isa = PBXFileReference; lastKnownFileType = sourcecode.swift; path = ProfileCell.swift; sourceTree = "<group>"; };
		E270EDEC292D293000B1C473 /* ProfileHeader.swift */ = {isa = PBXFileReference; lastKnownFileType = sourcecode.swift; path = ProfileHeader.swift; sourceTree = "<group>"; };
		E28BF053293E02F5006000AA /* PostViewModel.swift */ = {isa = PBXFileReference; lastKnownFileType = sourcecode.swift; path = PostViewModel.swift; sourceTree = "<group>"; };
		E29B12202926909700989E45 /* RegisterVC.swift */ = {isa = PBXFileReference; lastKnownFileType = sourcecode.swift; path = RegisterVC.swift; sourceTree = "<group>"; };
		E29B12222926909F00989E45 /* LoginVC.swift */ = {isa = PBXFileReference; lastKnownFileType = sourcecode.swift; path = LoginVC.swift; sourceTree = "<group>"; };
		E2B190D52938DE85002D5426 /* UserStats.swift */ = {isa = PBXFileReference; lastKnownFileType = sourcecode.swift; path = UserStats.swift; sourceTree = "<group>"; };
		E2BC5779290A77A600849714 /* FeedCell.swift */ = {isa = PBXFileReference; lastKnownFileType = sourcecode.swift; path = FeedCell.swift; sourceTree = "<group>"; };
		E2BC577E290A784300849714 /* UIViewController+Ext.swift */ = {isa = PBXFileReference; lastKnownFileType = sourcecode.swift; path = "UIViewController+Ext.swift"; sourceTree = "<group>"; };
		E2BC5780290A785000849714 /* UIButton+Ext.swift */ = {isa = PBXFileReference; lastKnownFileType = sourcecode.swift; path = "UIButton+Ext.swift"; sourceTree = "<group>"; };
		E2BC5782290A785900849714 /* UIView+Ext.swift */ = {isa = PBXFileReference; lastKnownFileType = sourcecode.swift; path = "UIView+Ext.swift"; sourceTree = "<group>"; };
		E2BE5D312928D78A00F7D7FC /* Constants.swift */ = {isa = PBXFileReference; lastKnownFileType = sourcecode.swift; path = Constants.swift; sourceTree = "<group>"; };
		E2BE5D362928ED3600F7D7FC /* LoginViewModel.swift */ = {isa = PBXFileReference; lastKnownFileType = sourcecode.swift; path = LoginViewModel.swift; sourceTree = "<group>"; };
		E2BE5D382928ED3B00F7D7FC /* RegisterViewModel.swift */ = {isa = PBXFileReference; lastKnownFileType = sourcecode.swift; path = RegisterViewModel.swift; sourceTree = "<group>"; };
		E2BE5D432928FBEB00F7D7FC /* AuthenticationViewModelProtocol.swift */ = {isa = PBXFileReference; lastKnownFileType = sourcecode.swift; path = AuthenticationViewModelProtocol.swift; sourceTree = "<group>"; };
		E2BE5D452928FDED00F7D7FC /* FormViewModelProtocol.swift */ = {isa = PBXFileReference; lastKnownFileType = sourcecode.swift; path = FormViewModelProtocol.swift; sourceTree = "<group>"; };
		E2E0FE85293CA9B100E0064C /* PostService.swift */ = {isa = PBXFileReference; lastKnownFileType = sourcecode.swift; path = PostService.swift; sourceTree = "<group>"; };
		E2FB54562930F5610043B580 /* UserService.swift */ = {isa = PBXFileReference; lastKnownFileType = sourcecode.swift; path = UserService.swift; sourceTree = "<group>"; };
		E2FB54582930F88D0043B580 /* User.swift */ = {isa = PBXFileReference; lastKnownFileType = sourcecode.swift; path = User.swift; sourceTree = "<group>"; };
		E2FB545B293101630043B580 /* ProfileHeaderViewModel.swift */ = {isa = PBXFileReference; lastKnownFileType = sourcecode.swift; path = ProfileHeaderViewModel.swift; sourceTree = "<group>"; };
		E2FB545E29312ABE0043B580 /* SearchCell.swift */ = {isa = PBXFileReference; lastKnownFileType = sourcecode.swift; path = SearchCell.swift; sourceTree = "<group>"; };
/* End PBXFileReference section */

/* Begin PBXFrameworksBuildPhase section */
		E23195DA290680B6008BF8CA /* Frameworks */ = {
			isa = PBXFrameworksBuildPhase;
			buildActionMask = 2147483647;
			files = (
				9404FF146E8A96B55AE988CE /* Pods_InstagramFirebaseWork.framework in Frameworks */,
			);
			runOnlyForDeploymentPostprocessing = 0;
		};
/* End PBXFrameworksBuildPhase section */

/* Begin PBXGroup section */
		2713EDBB74950B53CCC5EEEF /* Pods */ = {
			isa = PBXGroup;
			children = (
				D35B91770D00AEC76AFE5892 /* Pods-InstagramFirebaseWork.debug.xcconfig */,
				3B03482C83A839C0CE15FD8D /* Pods-InstagramFirebaseWork.release.xcconfig */,
			);
			path = Pods;
			sourceTree = "<group>";
		};
		A53002DEC39F3E8F1C4D456D /* Frameworks */ = {
			isa = PBXGroup;
			children = (
				5A1549339B0AAE034CB8C815 /* Pods_InstagramFirebaseWork.framework */,
			);
			name = Frameworks;
			sourceTree = "<group>";
		};
		E2198664293A422900A2DAAD /* PostUpload */ = {
			isa = PBXGroup;
			children = (
				E2198665293A424600A2DAAD /* UploadPostVC.swift */,
			);
			path = PostUpload;
			sourceTree = "<group>";
		};
		E23195D4290680B6008BF8CA = {
			isa = PBXGroup;
			children = (
				E23195DF290680B6008BF8CA /* InstagramFirebaseWork */,
				E23195DE290680B6008BF8CA /* Products */,
				2713EDBB74950B53CCC5EEEF /* Pods */,
				A53002DEC39F3E8F1C4D456D /* Frameworks */,
			);
			sourceTree = "<group>";
		};
		E23195DE290680B6008BF8CA /* Products */ = {
			isa = PBXGroup;
			children = (
				E23195DD290680B6008BF8CA /* InstagramFirebaseWork.app */,
			);
			name = Products;
			sourceTree = "<group>";
		};
		E23195DF290680B6008BF8CA /* InstagramFirebaseWork */ = {
			isa = PBXGroup;
			children = (
				E2BC5784290A799F00849714 /* AppResources */,
				E23195F9290683A4008BF8CA /* Model */,
				E23195F8290683A2008BF8CA /* View */,
				E23195F729068398008BF8CA /* ViewModel */,
				E23195F629068395008BF8CA /* Controller */,
				E2BC577D290A782500849714 /* Extensions */,
				E23195F529068392008BF8CA /* API */,
				E23195F429068386008BF8CA /* Utilities */,
				E23195E9290680B7008BF8CA /* Assets.xcassets */,
				E23195EE290680B7008BF8CA /* Info.plist */,
				E2132781292A8EF700F3196E /* GoogleService-Info.plist */,
			);
			path = InstagramFirebaseWork;
			sourceTree = "<group>";
		};
		E23195F429068386008BF8CA /* Utilities */ = {
			isa = PBXGroup;
			children = (
				E2BE5D312928D78A00F7D7FC /* Constants.swift */,
			);
			path = Utilities;
			sourceTree = "<group>";
		};
		E23195F529068392008BF8CA /* API */ = {
			isa = PBXGroup;
			children = (
				E2489387292BF56B002F31F2 /* ImageUploader.swift */,
				E2489389292BF572002F31F2 /* AuthService.swift */,
				E2FB54562930F5610043B580 /* UserService.swift */,
				E2E0FE85293CA9B100E0064C /* PostService.swift */,
			);
			path = API;
			sourceTree = "<group>";
		};
		E23195F629068395008BF8CA /* Controller */ = {
			isa = PBXGroup;
			children = (
				E29B121F2926907900989E45 /* Authentication */,
				E2BE5D3E2928EDC300F7D7FC /* Feed */,
				E2BE5D412928EDFF00F7D7FC /* ImageSelector */,
				E2BE5D422928EE1900F7D7FC /* Notifications */,
				E2198664293A422900A2DAAD /* PostUpload */,
				E2BE5D402928EDCB00F7D7FC /* Profile */,
				E2BE5D3F2928EDC700F7D7FC /* Search */,
				E2BE5D3A2928EDB300F7D7FC /* TabBar */,
			);
			path = Controller;
			sourceTree = "<group>";
		};
		E23195F729068398008BF8CA /* ViewModel */ = {
			isa = PBXGroup;
			children = (
				E28BF052293E02DC006000AA /* Post */,
				E26A1E7D29327A020093E181 /* Search */,
				E2FB545A293101500043B580 /* ProfileHeader */,
				E2BE5D352928ED1B00F7D7FC /* Authentication */,
			);
			path = ViewModel;
			sourceTree = "<group>";
		};
		E23195F8290683A2008BF8CA /* View */ = {
			isa = PBXGroup;
			children = (
				E241FB56293B7B6800B46725 /* TextViews */,
				E25217E529281D6800566974 /* Cells */,
				E25217E429281D6000566974 /* TextFields */,
			);
			path = View;
			sourceTree = "<group>";
		};
		E23195F9290683A4008BF8CA /* Model */ = {
			isa = PBXGroup;
			children = (
				E2FB54582930F88D0043B580 /* User.swift */,
				E2B190D52938DE85002D5426 /* UserStats.swift */,
				E2428550293DF93900A03291 /* Post.swift */,
			);
			path = Model;
			sourceTree = "<group>";
		};
		E241FB56293B7B6800B46725 /* TextViews */ = {
			isa = PBXGroup;
			children = (
				E241FB57293B7B7D00B46725 /* InputTextView.swift */,
			);
			path = TextViews;
			sourceTree = "<group>";
		};
		E25217E429281D6000566974 /* TextFields */ = {
			isa = PBXGroup;
			children = (
				E25217E22928168200566974 /* CustomTextField.swift */,
			);
			path = TextFields;
			sourceTree = "<group>";
		};
		E25217E529281D6800566974 /* Cells */ = {
			isa = PBXGroup;
			children = (
				E2FB545D29312A8B0043B580 /* Search */,
				E2C54C43292FFBD80029E18F /* Feed */,
				E2C54C42292FFBD00029E18F /* Profile */,
			);
			path = Cells;
			sourceTree = "<group>";
		};
		E26A1E7D29327A020093E181 /* Search */ = {
			isa = PBXGroup;
			children = (
				E26A1E7F29327A350093E181 /* SearchCellViewModel.swift */,
			);
			path = Search;
			sourceTree = "<group>";
		};
		E28BF052293E02DC006000AA /* Post */ = {
			isa = PBXGroup;
			children = (
				E28BF053293E02F5006000AA /* PostViewModel.swift */,
			);
			path = Post;
			sourceTree = "<group>";
		};
		E29B121F2926907900989E45 /* Authentication */ = {
			isa = PBXGroup;
			children = (
				E29B12222926909F00989E45 /* LoginVC.swift */,
				E29B12202926909700989E45 /* RegisterVC.swift */,
			);
			path = Authentication;
			sourceTree = "<group>";
		};
		E2BC577D290A782500849714 /* Extensions */ = {
			isa = PBXGroup;
			children = (
				E2BC577E290A784300849714 /* UIViewController+Ext.swift */,
				E2BC5780290A785000849714 /* UIButton+Ext.swift */,
				E2BC5782290A785900849714 /* UIView+Ext.swift */,
			);
			path = Extensions;
			sourceTree = "<group>";
		};
		E2BC5784290A799F00849714 /* AppResources */ = {
			isa = PBXGroup;
			children = (
				E2BC5785290A79C700849714 /* Delegates */,
			);
			path = AppResources;
			sourceTree = "<group>";
		};
		E2BC5785290A79C700849714 /* Delegates */ = {
			isa = PBXGroup;
			children = (
				E23195E0290680B6008BF8CA /* AppDelegate.swift */,
				E23195E2290680B6008BF8CA /* SceneDelegate.swift */,
			);
			path = Delegates;
			sourceTree = "<group>";
		};
		E2BE5D352928ED1B00F7D7FC /* Authentication */ = {
			isa = PBXGroup;
			children = (
				E2BE5D432928FBEB00F7D7FC /* AuthenticationViewModelProtocol.swift */,
				E2BE5D362928ED3600F7D7FC /* LoginViewModel.swift */,
				E2BE5D382928ED3B00F7D7FC /* RegisterViewModel.swift */,
				E2BE5D452928FDED00F7D7FC /* FormViewModelProtocol.swift */,
			);
			path = Authentication;
			sourceTree = "<group>";
		};
		E2BE5D3A2928EDB300F7D7FC /* TabBar */ = {
			isa = PBXGroup;
			children = (
				E23195FA29068488008BF8CA /* IFTabBarController.swift */,
			);
			path = TabBar;
			sourceTree = "<group>";
		};
		E2BE5D3E2928EDC300F7D7FC /* Feed */ = {
			isa = PBXGroup;
			children = (
				E23195FC29068DB4008BF8CA /* FeedVC.swift */,
			);
			path = Feed;
			sourceTree = "<group>";
		};
		E2BE5D3F2928EDC700F7D7FC /* Search */ = {
			isa = PBXGroup;
			children = (
				E23195FE29068DBF008BF8CA /* SearchVC.swift */,
			);
			path = Search;
			sourceTree = "<group>";
		};
		E2BE5D402928EDCB00F7D7FC /* Profile */ = {
			isa = PBXGroup;
			children = (
				E231960429068DED008BF8CA /* ProfileVC.swift */,
			);
			path = Profile;
			sourceTree = "<group>";
		};
		E2BE5D412928EDFF00F7D7FC /* ImageSelector */ = {
			isa = PBXGroup;
			children = (
				E231960029068DD2008BF8CA /* ImageSelectorVC.swift */,
			);
			path = ImageSelector;
			sourceTree = "<group>";
		};
		E2BE5D422928EE1900F7D7FC /* Notifications */ = {
			isa = PBXGroup;
			children = (
				E231960229068DE1008BF8CA /* NotificationsVC.swift */,
			);
			path = Notifications;
			sourceTree = "<group>";
		};
		E2C54C42292FFBD00029E18F /* Profile */ = {
			isa = PBXGroup;
			children = (
				E270EDEA292D28DD00B1C473 /* ProfileCell.swift */,
				E270EDEC292D293000B1C473 /* ProfileHeader.swift */,
			);
			path = Profile;
			sourceTree = "<group>";
		};
		E2C54C43292FFBD80029E18F /* Feed */ = {
			isa = PBXGroup;
			children = (
				E2BC5779290A77A600849714 /* FeedCell.swift */,
			);
			path = Feed;
			sourceTree = "<group>";
		};
		E2FB545A293101500043B580 /* ProfileHeader */ = {
			isa = PBXGroup;
			children = (
				E2FB545B293101630043B580 /* ProfileHeaderViewModel.swift */,
			);
			path = ProfileHeader;
			sourceTree = "<group>";
		};
		E2FB545D29312A8B0043B580 /* Search */ = {
			isa = PBXGroup;
			children = (
				E2FB545E29312ABE0043B580 /* SearchCell.swift */,
			);
			path = Search;
			sourceTree = "<group>";
		};
/* End PBXGroup section */

/* Begin PBXNativeTarget section */
		E23195DC290680B6008BF8CA /* InstagramFirebaseWork */ = {
			isa = PBXNativeTarget;
			buildConfigurationList = E23195F1290680B7008BF8CA /* Build configuration list for PBXNativeTarget "InstagramFirebaseWork" */;
			buildPhases = (
				C827B902ACF492BA54C43AD7 /* [CP] Check Pods Manifest.lock */,
				E23195D9290680B6008BF8CA /* Sources */,
				E23195DA290680B6008BF8CA /* Frameworks */,
				E23195DB290680B6008BF8CA /* Resources */,
				3C7038E50F072C558F1C09B4 /* [CP] Embed Pods Frameworks */,
			);
			buildRules = (
			);
			dependencies = (
			);
			name = InstagramFirebaseWork;
			productName = InstagramFirebaseWork;
			productReference = E23195DD290680B6008BF8CA /* InstagramFirebaseWork.app */;
			productType = "com.apple.product-type.application";
		};
/* End PBXNativeTarget section */

/* Begin PBXProject section */
		E23195D5290680B6008BF8CA /* Project object */ = {
			isa = PBXProject;
			attributes = {
				BuildIndependentTargetsInParallel = 1;
				LastSwiftUpdateCheck = 1400;
				LastUpgradeCheck = 1400;
				TargetAttributes = {
					E23195DC290680B6008BF8CA = {
						CreatedOnToolsVersion = 14.0.1;
					};
				};
			};
			buildConfigurationList = E23195D8290680B6008BF8CA /* Build configuration list for PBXProject "InstagramFirebaseWork" */;
			compatibilityVersion = "Xcode 13.0";
			developmentRegion = en;
			hasScannedForEncodings = 0;
			knownRegions = (
				en,
				Base,
			);
			mainGroup = E23195D4290680B6008BF8CA;
			productRefGroup = E23195DE290680B6008BF8CA /* Products */;
			projectDirPath = "";
			projectRoot = "";
			targets = (
				E23195DC290680B6008BF8CA /* InstagramFirebaseWork */,
			);
		};
/* End PBXProject section */

/* Begin PBXResourcesBuildPhase section */
		E23195DB290680B6008BF8CA /* Resources */ = {
			isa = PBXResourcesBuildPhase;
			buildActionMask = 2147483647;
			files = (
				E23195EA290680B7008BF8CA /* Assets.xcassets in Resources */,
				E2132782292A8EF700F3196E /* GoogleService-Info.plist in Resources */,
			);
			runOnlyForDeploymentPostprocessing = 0;
		};
/* End PBXResourcesBuildPhase section */

/* Begin PBXShellScriptBuildPhase section */
		3C7038E50F072C558F1C09B4 /* [CP] Embed Pods Frameworks */ = {
			isa = PBXShellScriptBuildPhase;
			buildActionMask = 2147483647;
			files = (
			);
			inputFileListPaths = (
				"${PODS_ROOT}/Target Support Files/Pods-InstagramFirebaseWork/Pods-InstagramFirebaseWork-frameworks-${CONFIGURATION}-input-files.xcfilelist",
			);
			name = "[CP] Embed Pods Frameworks";
			outputFileListPaths = (
				"${PODS_ROOT}/Target Support Files/Pods-InstagramFirebaseWork/Pods-InstagramFirebaseWork-frameworks-${CONFIGURATION}-output-files.xcfilelist",
			);
			runOnlyForDeploymentPostprocessing = 0;
			shellPath = /bin/sh;
			shellScript = "\"${PODS_ROOT}/Target Support Files/Pods-InstagramFirebaseWork/Pods-InstagramFirebaseWork-frameworks.sh\"\n";
			showEnvVarsInLog = 0;
		};
		C827B902ACF492BA54C43AD7 /* [CP] Check Pods Manifest.lock */ = {
			isa = PBXShellScriptBuildPhase;
			buildActionMask = 2147483647;
			files = (
			);
			inputFileListPaths = (
			);
			inputPaths = (
				"${PODS_PODFILE_DIR_PATH}/Podfile.lock",
				"${PODS_ROOT}/Manifest.lock",
			);
			name = "[CP] Check Pods Manifest.lock";
			outputFileListPaths = (
			);
			outputPaths = (
				"$(DERIVED_FILE_DIR)/Pods-InstagramFirebaseWork-checkManifestLockResult.txt",
			);
			runOnlyForDeploymentPostprocessing = 0;
			shellPath = /bin/sh;
			shellScript = "diff \"${PODS_PODFILE_DIR_PATH}/Podfile.lock\" \"${PODS_ROOT}/Manifest.lock\" > /dev/null\nif [ $? != 0 ] ; then\n    # print error to STDERR\n    echo \"error: The sandbox is not in sync with the Podfile.lock. Run 'pod install' or update your CocoaPods installation.\" >&2\n    exit 1\nfi\n# This output is used by Xcode 'outputs' to avoid re-running this script phase.\necho \"SUCCESS\" > \"${SCRIPT_OUTPUT_FILE_0}\"\n";
			showEnvVarsInLog = 0;
		};
/* End PBXShellScriptBuildPhase section */

/* Begin PBXSourcesBuildPhase section */
		E23195D9290680B6008BF8CA /* Sources */ = {
			isa = PBXSourcesBuildPhase;
			buildActionMask = 2147483647;
			files = (
				E2FB54592930F88D0043B580 /* User.swift in Sources */,
				E23195FF29068DBF008BF8CA /* SearchVC.swift in Sources */,
				E2FB54572930F5610043B580 /* UserService.swift in Sources */,
				E2BE5D442928FBEB00F7D7FC /* AuthenticationViewModelProtocol.swift in Sources */,
				E2BC577A290A77A600849714 /* FeedCell.swift in Sources */,
				E270EDEB292D28DD00B1C473 /* ProfileCell.swift in Sources */,
				E29B12232926909F00989E45 /* LoginVC.swift in Sources */,
				E2BC577F290A784300849714 /* UIViewController+Ext.swift in Sources */,
				E2B190D62938DE85002D5426 /* UserStats.swift in Sources */,
				E26A1E8029327A350093E181 /* SearchCellViewModel.swift in Sources */,
				E248938A292BF572002F31F2 /* AuthService.swift in Sources */,
				E23195E1290680B6008BF8CA /* AppDelegate.swift in Sources */,
				E2198666293A424600A2DAAD /* UploadPostVC.swift in Sources */,
				E270EDED292D293000B1C473 /* ProfileHeader.swift in Sources */,
				E2FB545C293101630043B580 /* ProfileHeaderViewModel.swift in Sources */,
				E28BF054293E02F5006000AA /* PostViewModel.swift in Sources */,
				E231960529068DED008BF8CA /* ProfileVC.swift in Sources */,
				E2E0FE86293CA9B100E0064C /* PostService.swift in Sources */,
				E231960329068DE1008BF8CA /* NotificationsVC.swift in Sources */,
				E2BE5D462928FDED00F7D7FC /* FormViewModelProtocol.swift in Sources */,
				E2BE5D392928ED3B00F7D7FC /* RegisterViewModel.swift in Sources */,
				E2BE5D372928ED3600F7D7FC /* LoginViewModel.swift in Sources */,
				E2428551293DF93900A03291 /* Post.swift in Sources */,
				E2FB545F29312ABE0043B580 /* SearchCell.swift in Sources */,
				E2BE5D322928D78A00F7D7FC /* Constants.swift in Sources */,
				E231960129068DD2008BF8CA /* ImageSelectorVC.swift in Sources */,
				E23195FD29068DB4008BF8CA /* FeedVC.swift in Sources */,
				E2489388292BF56B002F31F2 /* ImageUploader.swift in Sources */,
				E2BC5783290A785900849714 /* UIView+Ext.swift in Sources */,
				E23195FB29068488008BF8CA /* IFTabBarController.swift in Sources */,
				E23195E3290680B6008BF8CA /* SceneDelegate.swift in Sources */,
				E2BC5781290A785000849714 /* UIButton+Ext.swift in Sources */,
				E29B12212926909700989E45 /* RegisterVC.swift in Sources */,
				E241FB58293B7B7D00B46725 /* InputTextView.swift in Sources */,
				E25217E32928168200566974 /* CustomTextField.swift in Sources */,
			);
			runOnlyForDeploymentPostprocessing = 0;
		};
/* End PBXSourcesBuildPhase section */

/* Begin XCBuildConfiguration section */
		E23195EF290680B7008BF8CA /* Debug */ = {
			isa = XCBuildConfiguration;
			buildSettings = {
				ALWAYS_SEARCH_USER_PATHS = NO;
				CLANG_ANALYZER_NONNULL = YES;
				CLANG_ANALYZER_NUMBER_OBJECT_CONVERSION = YES_AGGRESSIVE;
				CLANG_CXX_LANGUAGE_STANDARD = "gnu++20";
				CLANG_ENABLE_MODULES = YES;
				CLANG_ENABLE_OBJC_ARC = YES;
				CLANG_ENABLE_OBJC_WEAK = YES;
				CLANG_WARN_BLOCK_CAPTURE_AUTORELEASING = YES;
				CLANG_WARN_BOOL_CONVERSION = YES;
				CLANG_WARN_COMMA = YES;
				CLANG_WARN_CONSTANT_CONVERSION = YES;
				CLANG_WARN_DEPRECATED_OBJC_IMPLEMENTATIONS = YES;
				CLANG_WARN_DIRECT_OBJC_ISA_USAGE = YES_ERROR;
				CLANG_WARN_DOCUMENTATION_COMMENTS = YES;
				CLANG_WARN_EMPTY_BODY = YES;
				CLANG_WARN_ENUM_CONVERSION = YES;
				CLANG_WARN_INFINITE_RECURSION = YES;
				CLANG_WARN_INT_CONVERSION = YES;
				CLANG_WARN_NON_LITERAL_NULL_CONVERSION = YES;
				CLANG_WARN_OBJC_IMPLICIT_RETAIN_SELF = YES;
				CLANG_WARN_OBJC_LITERAL_CONVERSION = YES;
				CLANG_WARN_OBJC_ROOT_CLASS = YES_ERROR;
				CLANG_WARN_QUOTED_INCLUDE_IN_FRAMEWORK_HEADER = YES;
				CLANG_WARN_RANGE_LOOP_ANALYSIS = YES;
				CLANG_WARN_STRICT_PROTOTYPES = YES;
				CLANG_WARN_SUSPICIOUS_MOVE = YES;
				CLANG_WARN_UNGUARDED_AVAILABILITY = YES_AGGRESSIVE;
				CLANG_WARN_UNREACHABLE_CODE = YES;
				CLANG_WARN__DUPLICATE_METHOD_MATCH = YES;
				COPY_PHASE_STRIP = NO;
				DEBUG_INFORMATION_FORMAT = dwarf;
				ENABLE_STRICT_OBJC_MSGSEND = YES;
				ENABLE_TESTABILITY = YES;
				GCC_C_LANGUAGE_STANDARD = gnu11;
				GCC_DYNAMIC_NO_PIC = NO;
				GCC_NO_COMMON_BLOCKS = YES;
				GCC_OPTIMIZATION_LEVEL = 0;
				GCC_PREPROCESSOR_DEFINITIONS = (
					"DEBUG=1",
					"$(inherited)",
				);
				GCC_WARN_64_TO_32_BIT_CONVERSION = YES;
				GCC_WARN_ABOUT_RETURN_TYPE = YES_ERROR;
				GCC_WARN_UNDECLARED_SELECTOR = YES;
				GCC_WARN_UNINITIALIZED_AUTOS = YES_AGGRESSIVE;
				GCC_WARN_UNUSED_FUNCTION = YES;
				GCC_WARN_UNUSED_VARIABLE = YES;
				IPHONEOS_DEPLOYMENT_TARGET = 16.0;
				MTL_ENABLE_DEBUG_INFO = INCLUDE_SOURCE;
				MTL_FAST_MATH = YES;
				ONLY_ACTIVE_ARCH = YES;
				SDKROOT = iphoneos;
				SWIFT_ACTIVE_COMPILATION_CONDITIONS = DEBUG;
				SWIFT_OPTIMIZATION_LEVEL = "-Onone";
			};
			name = Debug;
		};
		E23195F0290680B7008BF8CA /* Release */ = {
			isa = XCBuildConfiguration;
			buildSettings = {
				ALWAYS_SEARCH_USER_PATHS = NO;
				CLANG_ANALYZER_NONNULL = YES;
				CLANG_ANALYZER_NUMBER_OBJECT_CONVERSION = YES_AGGRESSIVE;
				CLANG_CXX_LANGUAGE_STANDARD = "gnu++20";
				CLANG_ENABLE_MODULES = YES;
				CLANG_ENABLE_OBJC_ARC = YES;
				CLANG_ENABLE_OBJC_WEAK = YES;
				CLANG_WARN_BLOCK_CAPTURE_AUTORELEASING = YES;
				CLANG_WARN_BOOL_CONVERSION = YES;
				CLANG_WARN_COMMA = YES;
				CLANG_WARN_CONSTANT_CONVERSION = YES;
				CLANG_WARN_DEPRECATED_OBJC_IMPLEMENTATIONS = YES;
				CLANG_WARN_DIRECT_OBJC_ISA_USAGE = YES_ERROR;
				CLANG_WARN_DOCUMENTATION_COMMENTS = YES;
				CLANG_WARN_EMPTY_BODY = YES;
				CLANG_WARN_ENUM_CONVERSION = YES;
				CLANG_WARN_INFINITE_RECURSION = YES;
				CLANG_WARN_INT_CONVERSION = YES;
				CLANG_WARN_NON_LITERAL_NULL_CONVERSION = YES;
				CLANG_WARN_OBJC_IMPLICIT_RETAIN_SELF = YES;
				CLANG_WARN_OBJC_LITERAL_CONVERSION = YES;
				CLANG_WARN_OBJC_ROOT_CLASS = YES_ERROR;
				CLANG_WARN_QUOTED_INCLUDE_IN_FRAMEWORK_HEADER = YES;
				CLANG_WARN_RANGE_LOOP_ANALYSIS = YES;
				CLANG_WARN_STRICT_PROTOTYPES = YES;
				CLANG_WARN_SUSPICIOUS_MOVE = YES;
				CLANG_WARN_UNGUARDED_AVAILABILITY = YES_AGGRESSIVE;
				CLANG_WARN_UNREACHABLE_CODE = YES;
				CLANG_WARN__DUPLICATE_METHOD_MATCH = YES;
				COPY_PHASE_STRIP = NO;
				DEBUG_INFORMATION_FORMAT = "dwarf-with-dsym";
				ENABLE_NS_ASSERTIONS = NO;
				ENABLE_STRICT_OBJC_MSGSEND = YES;
				GCC_C_LANGUAGE_STANDARD = gnu11;
				GCC_NO_COMMON_BLOCKS = YES;
				GCC_WARN_64_TO_32_BIT_CONVERSION = YES;
				GCC_WARN_ABOUT_RETURN_TYPE = YES_ERROR;
				GCC_WARN_UNDECLARED_SELECTOR = YES;
				GCC_WARN_UNINITIALIZED_AUTOS = YES_AGGRESSIVE;
				GCC_WARN_UNUSED_FUNCTION = YES;
				GCC_WARN_UNUSED_VARIABLE = YES;
				IPHONEOS_DEPLOYMENT_TARGET = 16.0;
				MTL_ENABLE_DEBUG_INFO = NO;
				MTL_FAST_MATH = YES;
				SDKROOT = iphoneos;
				SWIFT_COMPILATION_MODE = wholemodule;
				SWIFT_OPTIMIZATION_LEVEL = "-O";
				VALIDATE_PRODUCT = YES;
			};
			name = Release;
		};
		E23195F2290680B7008BF8CA /* Debug */ = {
			isa = XCBuildConfiguration;
			baseConfigurationReference = D35B91770D00AEC76AFE5892 /* Pods-InstagramFirebaseWork.debug.xcconfig */;
			buildSettings = {
				ASSETCATALOG_COMPILER_APPICON_NAME = AppIcon;
				ASSETCATALOG_COMPILER_GLOBAL_ACCENT_COLOR_NAME = AccentColor;
				CODE_SIGN_STYLE = Automatic;
				CURRENT_PROJECT_VERSION = 1;
				DEVELOPMENT_TEAM = BXBLM9X8VJ;
				GENERATE_INFOPLIST_FILE = YES;
				INFOPLIST_FILE = InstagramFirebaseWork/Info.plist;
				INFOPLIST_KEY_UIApplicationSupportsIndirectInputEvents = YES;
				INFOPLIST_KEY_UILaunchStoryboardName = LaunchScreen;
				INFOPLIST_KEY_UISupportedInterfaceOrientations = UIInterfaceOrientationPortrait;
				INFOPLIST_KEY_UISupportedInterfaceOrientations_iPad = "UIInterfaceOrientationLandscapeLeft UIInterfaceOrientationLandscapeRight UIInterfaceOrientationPortrait UIInterfaceOrientationPortraitUpsideDown";
				IPHONEOS_DEPLOYMENT_TARGET = 13.0;
				LD_RUNPATH_SEARCH_PATHS = (
					"$(inherited)",
					"@executable_path/Frameworks",
				);
				MARKETING_VERSION = 1.0;
				PRODUCT_BUNDLE_IDENTIFIER = myzk.InstagramFirebaseWork;
				PRODUCT_NAME = "$(TARGET_NAME)";
				SUPPORTED_PLATFORMS = "iphoneos iphonesimulator";
				SUPPORTS_MACCATALYST = NO;
				SUPPORTS_MAC_DESIGNED_FOR_IPHONE_IPAD = NO;
				SWIFT_EMIT_LOC_STRINGS = YES;
				SWIFT_VERSION = 5.0;
				TARGETED_DEVICE_FAMILY = "1,2";
			};
			name = Debug;
		};
		E23195F3290680B7008BF8CA /* Release */ = {
			isa = XCBuildConfiguration;
			baseConfigurationReference = 3B03482C83A839C0CE15FD8D /* Pods-InstagramFirebaseWork.release.xcconfig */;
			buildSettings = {
				ASSETCATALOG_COMPILER_APPICON_NAME = AppIcon;
				ASSETCATALOG_COMPILER_GLOBAL_ACCENT_COLOR_NAME = AccentColor;
				CODE_SIGN_STYLE = Automatic;
				CURRENT_PROJECT_VERSION = 1;
				DEVELOPMENT_TEAM = BXBLM9X8VJ;
				GENERATE_INFOPLIST_FILE = YES;
				INFOPLIST_FILE = InstagramFirebaseWork/Info.plist;
				INFOPLIST_KEY_UIApplicationSupportsIndirectInputEvents = YES;
				INFOPLIST_KEY_UILaunchStoryboardName = LaunchScreen;
				INFOPLIST_KEY_UISupportedInterfaceOrientations = UIInterfaceOrientationPortrait;
				INFOPLIST_KEY_UISupportedInterfaceOrientations_iPad = "UIInterfaceOrientationLandscapeLeft UIInterfaceOrientationLandscapeRight UIInterfaceOrientationPortrait UIInterfaceOrientationPortraitUpsideDown";
				IPHONEOS_DEPLOYMENT_TARGET = 13.0;
				LD_RUNPATH_SEARCH_PATHS = (
					"$(inherited)",
					"@executable_path/Frameworks",
				);
				MARKETING_VERSION = 1.0;
				PRODUCT_BUNDLE_IDENTIFIER = myzk.InstagramFirebaseWork;
				PRODUCT_NAME = "$(TARGET_NAME)";
				SUPPORTED_PLATFORMS = "iphoneos iphonesimulator";
				SUPPORTS_MACCATALYST = NO;
				SUPPORTS_MAC_DESIGNED_FOR_IPHONE_IPAD = NO;
				SWIFT_EMIT_LOC_STRINGS = YES;
				SWIFT_VERSION = 5.0;
				TARGETED_DEVICE_FAMILY = "1,2";
			};
			name = Release;
		};
/* End XCBuildConfiguration section */

/* Begin XCConfigurationList section */
		E23195D8290680B6008BF8CA /* Build configuration list for PBXProject "InstagramFirebaseWork" */ = {
			isa = XCConfigurationList;
			buildConfigurations = (
				E23195EF290680B7008BF8CA /* Debug */,
				E23195F0290680B7008BF8CA /* Release */,
			);
			defaultConfigurationIsVisible = 0;
			defaultConfigurationName = Release;
		};
		E23195F1290680B7008BF8CA /* Build configuration list for PBXNativeTarget "InstagramFirebaseWork" */ = {
			isa = XCConfigurationList;
			buildConfigurations = (
				E23195F2290680B7008BF8CA /* Debug */,
				E23195F3290680B7008BF8CA /* Release */,
			);
			defaultConfigurationIsVisible = 0;
			defaultConfigurationName = Release;
		};
/* End XCConfigurationList section */
	};
	rootObject = E23195D5290680B6008BF8CA /* Project object */;
}
